// !$*UTF8*$!
{
	archiveVersion = 1;
	classes = {
	};
	objectVersion = 55;
	objects = {

/* Begin PBXBuildFile section */
		1CFBE460270D2EA900529498 /* AppDelegate.swift in Sources */ = {isa = PBXBuildFile; fileRef = 1CFBE45F270D2EA900529498 /* AppDelegate.swift */; };
		1CFBE462270D2EA900529498 /* SceneDelegate.swift in Sources */ = {isa = PBXBuildFile; fileRef = 1CFBE461270D2EA900529498 /* SceneDelegate.swift */; };
		1CFBE464270D2EA900529498 /* ViewController.swift in Sources */ = {isa = PBXBuildFile; fileRef = 1CFBE463270D2EA900529498 /* ViewController.swift */; };
		1CFBE467270D2EA900529498 /* Main.storyboard in Resources */ = {isa = PBXBuildFile; fileRef = 1CFBE465270D2EA900529498 /* Main.storyboard */; };
		1CFBE469270D2EAB00529498 /* Assets.xcassets in Resources */ = {isa = PBXBuildFile; fileRef = 1CFBE468270D2EAB00529498 /* Assets.xcassets */; };
		1CFBE46C270D2EAB00529498 /* LaunchScreen.storyboard in Resources */ = {isa = PBXBuildFile; fileRef = 1CFBE46A270D2EAB00529498 /* LaunchScreen.storyboard */; };
		1CFBE475270D300200529498 /* IQKeyboardManagerSwift in Frameworks */ = {isa = PBXBuildFile; productRef = 1CFBE474270D300200529498 /* IQKeyboardManagerSwift */; };
		1CFBE478270D302D00529498 /* SideMenu in Frameworks */ = {isa = PBXBuildFile; productRef = 1CFBE477270D302D00529498 /* SideMenu */; };
		1CFBE47B270D304300529498 /* FSCalendar in Frameworks */ = {isa = PBXBuildFile; productRef = 1CFBE47A270D304300529498 /* FSCalendar */; };
		1CFBE47E270D306000529498 /* TextFieldEffects in Frameworks */ = {isa = PBXBuildFile; productRef = 1CFBE47D270D306000529498 /* TextFieldEffects */; };
/* End PBXBuildFile section */

/* Begin PBXFileReference section */
		1CFBE45C270D2EA900529498 /* EmotionDiary.app */ = {isa = PBXFileReference; explicitFileType = wrapper.application; includeInIndex = 0; path = EmotionDiary.app; sourceTree = BUILT_PRODUCTS_DIR; };
		1CFBE45F270D2EA900529498 /* AppDelegate.swift */ = {isa = PBXFileReference; lastKnownFileType = sourcecode.swift; path = AppDelegate.swift; sourceTree = "<group>"; };
		1CFBE461270D2EA900529498 /* SceneDelegate.swift */ = {isa = PBXFileReference; lastKnownFileType = sourcecode.swift; path = SceneDelegate.swift; sourceTree = "<group>"; };
		1CFBE463270D2EA900529498 /* ViewController.swift */ = {isa = PBXFileReference; lastKnownFileType = sourcecode.swift; path = ViewController.swift; sourceTree = "<group>"; };
		1CFBE466270D2EA900529498 /* Base */ = {isa = PBXFileReference; lastKnownFileType = file.storyboard; name = Base; path = Base.lproj/Main.storyboard; sourceTree = "<group>"; };
		1CFBE468270D2EAB00529498 /* Assets.xcassets */ = {isa = PBXFileReference; lastKnownFileType = folder.assetcatalog; path = Assets.xcassets; sourceTree = "<group>"; };
		1CFBE46B270D2EAB00529498 /* Base */ = {isa = PBXFileReference; lastKnownFileType = file.storyboard; name = Base; path = Base.lproj/LaunchScreen.storyboard; sourceTree = "<group>"; };
		1CFBE46D270D2EAB00529498 /* Info.plist */ = {isa = PBXFileReference; lastKnownFileType = text.plist.xml; path = Info.plist; sourceTree = "<group>"; };
/* End PBXFileReference section */

/* Begin PBXFrameworksBuildPhase section */
		1CFBE459270D2EA900529498 /* Frameworks */ = {
			isa = PBXFrameworksBuildPhase;
			buildActionMask = 2147483647;
			files = (
				1CFBE478270D302D00529498 /* SideMenu in Frameworks */,
				1CFBE47E270D306000529498 /* TextFieldEffects in Frameworks */,
				1CFBE47B270D304300529498 /* FSCalendar in Frameworks */,
				1CFBE475270D300200529498 /* IQKeyboardManagerSwift in Frameworks */,
			);
			runOnlyForDeploymentPostprocessing = 0;
		};
/* End PBXFrameworksBuildPhase section */

/* Begin PBXGroup section */
		1CFBE453270D2EA900529498 = {
			isa = PBXGroup;
			children = (
				1CFBE45E270D2EA900529498 /* EmotionDiary */,
				1CFBE45D270D2EA900529498 /* Products */,
			);
			sourceTree = "<group>";
		};
		1CFBE45D270D2EA900529498 /* Products */ = {
			isa = PBXGroup;
			children = (
				1CFBE45C270D2EA900529498 /* EmotionDiary.app */,
			);
			name = Products;
			sourceTree = "<group>";
		};
		1CFBE45E270D2EA900529498 /* EmotionDiary */ = {
			isa = PBXGroup;
			children = (
				1CFBE45F270D2EA900529498 /* AppDelegate.swift */,
				1CFBE461270D2EA900529498 /* SceneDelegate.swift */,
				1CFBE463270D2EA900529498 /* ViewController.swift */,
				1CFBE465270D2EA900529498 /* Main.storyboard */,
				1CFBE468270D2EAB00529498 /* Assets.xcassets */,
				1CFBE46A270D2EAB00529498 /* LaunchScreen.storyboard */,
				1CFBE46D270D2EAB00529498 /* Info.plist */,
			);
			path = EmotionDiary;
			sourceTree = "<group>";
		};
/* End PBXGroup section */

/* Begin PBXNativeTarget section */
		1CFBE45B270D2EA900529498 /* EmotionDiary */ = {
			isa = PBXNativeTarget;
			buildConfigurationList = 1CFBE470270D2EAB00529498 /* Build configuration list for PBXNativeTarget "EmotionDiary" */;
			buildPhases = (
				1CFBE458270D2EA900529498 /* Sources */,
				1CFBE459270D2EA900529498 /* Frameworks */,
				1CFBE45A270D2EA900529498 /* Resources */,
			);
			buildRules = (
			);
			dependencies = (
			);
			name = EmotionDiary;
			packageProductDependencies = (
				1CFBE474270D300200529498 /* IQKeyboardManagerSwift */,
				1CFBE477270D302D00529498 /* SideMenu */,
				1CFBE47A270D304300529498 /* FSCalendar */,
				1CFBE47D270D306000529498 /* TextFieldEffects */,
			);
			productName = EmotionDiary;
			productReference = 1CFBE45C270D2EA900529498 /* EmotionDiary.app */;
			productType = "com.apple.product-type.application";
		};
/* End PBXNativeTarget section */

/* Begin PBXProject section */
		1CFBE454270D2EA900529498 /* Project object */ = {
			isa = PBXProject;
			attributes = {
				BuildIndependentTargetsInParallel = 1;
				LastSwiftUpdateCheck = 1300;
				LastUpgradeCheck = 1300;
				TargetAttributes = {
					1CFBE45B270D2EA900529498 = {
						CreatedOnToolsVersion = 13.0;
					};
				};
			};
			buildConfigurationList = 1CFBE457270D2EA900529498 /* Build configuration list for PBXProject "EmotionDiary" */;
			compatibilityVersion = "Xcode 13.0";
			developmentRegion = en;
			hasScannedForEncodings = 0;
			knownRegions = (
				en,
				Base,
			);
			mainGroup = 1CFBE453270D2EA900529498;
			packageReferences = (
				1CFBE473270D300200529498 /* XCRemoteSwiftPackageReference "IQKeyboardManager" */,
				1CFBE476270D302D00529498 /* XCRemoteSwiftPackageReference "SideMenu" */,
				1CFBE479270D304300529498 /* XCRemoteSwiftPackageReference "FSCalendar" */,
				1CFBE47C270D306000529498 /* XCRemoteSwiftPackageReference "TextFieldEffects" */,
			);
			productRefGroup = 1CFBE45D270D2EA900529498 /* Products */;
			projectDirPath = "";
			projectRoot = "";
			targets = (
				1CFBE45B270D2EA900529498 /* EmotionDiary */,
			);
		};
/* End PBXProject section */

/* Begin PBXResourcesBuildPhase section */
		1CFBE45A270D2EA900529498 /* Resources */ = {
			isa = PBXResourcesBuildPhase;
			buildActionMask = 2147483647;
			files = (
				1CFBE46C270D2EAB00529498 /* LaunchScreen.storyboard in Resources */,
				1CFBE469270D2EAB00529498 /* Assets.xcassets in Resources */,
				1CFBE467270D2EA900529498 /* Main.storyboard in Resources */,
			);
			runOnlyForDeploymentPostprocessing = 0;
		};
/* End PBXResourcesBuildPhase section */

/* Begin PBXSourcesBuildPhase section */
		1CFBE458270D2EA900529498 /* Sources */ = {
			isa = PBXSourcesBuildPhase;
			buildActionMask = 2147483647;
			files = (
				1CFBE464270D2EA900529498 /* ViewController.swift in Sources */,
				1CFBE460270D2EA900529498 /* AppDelegate.swift in Sources */,
				1CFBE462270D2EA900529498 /* SceneDelegate.swift in Sources */,
			);
			runOnlyForDeploymentPostprocessing = 0;
		};
/* End PBXSourcesBuildPhase section */

/* Begin PBXVariantGroup section */
		1CFBE465270D2EA900529498 /* Main.storyboard */ = {
			isa = PBXVariantGroup;
			children = (
				1CFBE466270D2EA900529498 /* Base */,
			);
			name = Main.storyboard;
			sourceTree = "<group>";
		};
		1CFBE46A270D2EAB00529498 /* LaunchScreen.storyboard */ = {
			isa = PBXVariantGroup;
			children = (
				1CFBE46B270D2EAB00529498 /* Base */,
			);
			name = LaunchScreen.storyboard;
			sourceTree = "<group>";
		};
/* End PBXVariantGroup section */

/* Begin XCBuildConfiguration section */
		1CFBE46E270D2EAB00529498 /* Debug */ = {
			isa = XCBuildConfiguration;
			buildSettings = {
				ALWAYS_SEARCH_USER_PATHS = NO;
				CLANG_ANALYZER_NONNULL = YES;
				CLANG_ANALYZER_NUMBER_OBJECT_CONVERSION = YES_AGGRESSIVE;
				CLANG_CXX_LANGUAGE_STANDARD = "gnu++17";
				CLANG_CXX_LIBRARY = "libc++";
				CLANG_ENABLE_MODULES = YES;
				CLANG_ENABLE_OBJC_ARC = YES;
				CLANG_ENABLE_OBJC_WEAK = YES;
				CLANG_WARN_BLOCK_CAPTURE_AUTORELEASING = YES;
				CLANG_WARN_BOOL_CONVERSION = YES;
				CLANG_WARN_COMMA = YES;
				CLANG_WARN_CONSTANT_CONVERSION = YES;
				CLANG_WARN_DEPRECATED_OBJC_IMPLEMENTATIONS = YES;
				CLANG_WARN_DIRECT_OBJC_ISA_USAGE = YES_ERROR;
				CLANG_WARN_DOCUMENTATION_COMMENTS = YES;
				CLANG_WARN_EMPTY_BODY = YES;
				CLANG_WARN_ENUM_CONVERSION = YES;
				CLANG_WARN_INFINITE_RECURSION = YES;
				CLANG_WARN_INT_CONVERSION = YES;
				CLANG_WARN_NON_LITERAL_NULL_CONVERSION = YES;
				CLANG_WARN_OBJC_IMPLICIT_RETAIN_SELF = YES;
				CLANG_WARN_OBJC_LITERAL_CONVERSION = YES;
				CLANG_WARN_OBJC_ROOT_CLASS = YES_ERROR;
				CLANG_WARN_QUOTED_INCLUDE_IN_FRAMEWORK_HEADER = YES;
				CLANG_WARN_RANGE_LOOP_ANALYSIS = YES;
				CLANG_WARN_STRICT_PROTOTYPES = YES;
				CLANG_WARN_SUSPICIOUS_MOVE = YES;
				CLANG_WARN_UNGUARDED_AVAILABILITY = YES_AGGRESSIVE;
				CLANG_WARN_UNREACHABLE_CODE = YES;
				CLANG_WARN__DUPLICATE_METHOD_MATCH = YES;
				COPY_PHASE_STRIP = NO;
				DEBUG_INFORMATION_FORMAT = dwarf;
				ENABLE_STRICT_OBJC_MSGSEND = YES;
				ENABLE_TESTABILITY = YES;
				GCC_C_LANGUAGE_STANDARD = gnu11;
				GCC_DYNAMIC_NO_PIC = NO;
				GCC_NO_COMMON_BLOCKS = YES;
				GCC_OPTIMIZATION_LEVEL = 0;
				GCC_PREPROCESSOR_DEFINITIONS = (
					"DEBUG=1",
					"$(inherited)",
				);
				GCC_WARN_64_TO_32_BIT_CONVERSION = YES;
				GCC_WARN_ABOUT_RETURN_TYPE = YES_ERROR;
				GCC_WARN_UNDECLARED_SELECTOR = YES;
				GCC_WARN_UNINITIALIZED_AUTOS = YES_AGGRESSIVE;
				GCC_WARN_UNUSED_FUNCTION = YES;
				GCC_WARN_UNUSED_VARIABLE = YES;
				IPHONEOS_DEPLOYMENT_TARGET = 15.0;
				MTL_ENABLE_DEBUG_INFO = INCLUDE_SOURCE;
				MTL_FAST_MATH = YES;
				ONLY_ACTIVE_ARCH = YES;
				SDKROOT = iphoneos;
				SWIFT_ACTIVE_COMPILATION_CONDITIONS = DEBUG;
				SWIFT_OPTIMIZATION_LEVEL = "-Onone";
			};
			name = Debug;
		};
		1CFBE46F270D2EAB00529498 /* Release */ = {
			isa = XCBuildConfiguration;
			buildSettings = {
				ALWAYS_SEARCH_USER_PATHS = NO;
				CLANG_ANALYZER_NONNULL = YES;
				CLANG_ANALYZER_NUMBER_OBJECT_CONVERSION = YES_AGGRESSIVE;
				CLANG_CXX_LANGUAGE_STANDARD = "gnu++17";
				CLANG_CXX_LIBRARY = "libc++";
				CLANG_ENABLE_MODULES = YES;
				CLANG_ENABLE_OBJC_ARC = YES;
				CLANG_ENABLE_OBJC_WEAK = YES;
				CLANG_WARN_BLOCK_CAPTURE_AUTORELEASING = YES;
				CLANG_WARN_BOOL_CONVERSION = YES;
				CLANG_WARN_COMMA = YES;
				CLANG_WARN_CONSTANT_CONVERSION = YES;
				CLANG_WARN_DEPRECATED_OBJC_IMPLEMENTATIONS = YES;
				CLANG_WARN_DIRECT_OBJC_ISA_USAGE = YES_ERROR;
				CLANG_WARN_DOCUMENTATION_COMMENTS = YES;
				CLANG_WARN_EMPTY_BODY = YES;
				CLANG_WARN_ENUM_CONVERSION = YES;
				CLANG_WARN_INFINITE_RECURSION = YES;
				CLANG_WARN_INT_CONVERSION = YES;
				CLANG_WARN_NON_LITERAL_NULL_CONVERSION = YES;
				CLANG_WARN_OBJC_IMPLICIT_RETAIN_SELF = YES;
				CLANG_WARN_OBJC_LITERAL_CONVERSION = YES;
				CLANG_WARN_OBJC_ROOT_CLASS = YES_ERROR;
				CLANG_WARN_QUOTED_INCLUDE_IN_FRAMEWORK_HEADER = YES;
				CLANG_WARN_RANGE_LOOP_ANALYSIS = YES;
				CLANG_WARN_STRICT_PROTOTYPES = YES;
				CLANG_WARN_SUSPICIOUS_MOVE = YES;
				CLANG_WARN_UNGUARDED_AVAILABILITY = YES_AGGRESSIVE;
				CLANG_WARN_UNREACHABLE_CODE = YES;
				CLANG_WARN__DUPLICATE_METHOD_MATCH = YES;
				COPY_PHASE_STRIP = NO;
				DEBUG_INFORMATION_FORMAT = "dwarf-with-dsym";
				ENABLE_NS_ASSERTIONS = NO;
				ENABLE_STRICT_OBJC_MSGSEND = YES;
				GCC_C_LANGUAGE_STANDARD = gnu11;
				GCC_NO_COMMON_BLOCKS = YES;
				GCC_WARN_64_TO_32_BIT_CONVERSION = YES;
				GCC_WARN_ABOUT_RETURN_TYPE = YES_ERROR;
				GCC_WARN_UNDECLARED_SELECTOR = YES;
				GCC_WARN_UNINITIALIZED_AUTOS = YES_AGGRESSIVE;
				GCC_WARN_UNUSED_FUNCTION = YES;
				GCC_WARN_UNUSED_VARIABLE = YES;
				IPHONEOS_DEPLOYMENT_TARGET = 15.0;
				MTL_ENABLE_DEBUG_INFO = NO;
				MTL_FAST_MATH = YES;
				SDKROOT = iphoneos;
				SWIFT_COMPILATION_MODE = wholemodule;
				SWIFT_OPTIMIZATION_LEVEL = "-O";
				VALIDATE_PRODUCT = YES;
			};
			name = Release;
		};
		1CFBE471270D2EAB00529498 /* Debug */ = {
			isa = XCBuildConfiguration;
			buildSettings = {
				ASSETCATALOG_COMPILER_APPICON_NAME = AppIcon;
				ASSETCATALOG_COMPILER_GLOBAL_ACCENT_COLOR_NAME = AccentColor;
				CODE_SIGN_STYLE = Automatic;
				CURRENT_PROJECT_VERSION = 1;
				DEVELOPMENT_TEAM = 5LZNHGFB8C;
				GENERATE_INFOPLIST_FILE = YES;
				INFOPLIST_FILE = EmotionDiary/Info.plist;
				INFOPLIST_KEY_UIApplicationSupportsIndirectInputEvents = YES;
				INFOPLIST_KEY_UILaunchStoryboardName = LaunchScreen;
				INFOPLIST_KEY_UIMainStoryboardFile = Main;
				INFOPLIST_KEY_UISupportedInterfaceOrientations_iPad = "UIInterfaceOrientationPortrait UIInterfaceOrientationPortraitUpsideDown UIInterfaceOrientationLandscapeLeft UIInterfaceOrientationLandscapeRight";
				INFOPLIST_KEY_UISupportedInterfaceOrientations_iPhone = "UIInterfaceOrientationPortrait UIInterfaceOrientationLandscapeLeft UIInterfaceOrientationLandscapeRight";
				LD_RUNPATH_SEARCH_PATHS = (
					"$(inherited)",
					"@executable_path/Frameworks",
				);
				MARKETING_VERSION = 1.0;
				PRODUCT_BUNDLE_IDENTIFIER = heyziin.EmotionDiary;
				PRODUCT_NAME = "$(TARGET_NAME)";
				SWIFT_EMIT_LOC_STRINGS = YES;
				SWIFT_VERSION = 5.0;
				TARGETED_DEVICE_FAMILY = "1,2";
			};
			name = Debug;
		};
		1CFBE472270D2EAB00529498 /* Release */ = {
			isa = XCBuildConfiguration;
			buildSettings = {
				ASSETCATALOG_COMPILER_APPICON_NAME = AppIcon;
				ASSETCATALOG_COMPILER_GLOBAL_ACCENT_COLOR_NAME = AccentColor;
				CODE_SIGN_STYLE = Automatic;
				CURRENT_PROJECT_VERSION = 1;
				DEVELOPMENT_TEAM = 5LZNHGFB8C;
				GENERATE_INFOPLIST_FILE = YES;
				INFOPLIST_FILE = EmotionDiary/Info.plist;
				INFOPLIST_KEY_UIApplicationSupportsIndirectInputEvents = YES;
				INFOPLIST_KEY_UILaunchStoryboardName = LaunchScreen;
				INFOPLIST_KEY_UIMainStoryboardFile = Main;
				INFOPLIST_KEY_UISupportedInterfaceOrientations_iPad = "UIInterfaceOrientationPortrait UIInterfaceOrientationPortraitUpsideDown UIInterfaceOrientationLandscapeLeft UIInterfaceOrientationLandscapeRight";
				INFOPLIST_KEY_UISupportedInterfaceOrientations_iPhone = "UIInterfaceOrientationPortrait UIInterfaceOrientationLandscapeLeft UIInterfaceOrientationLandscapeRight";
				LD_RUNPATH_SEARCH_PATHS = (
					"$(inherited)",
					"@executable_path/Frameworks",
				);
				MARKETING_VERSION = 1.0;
				PRODUCT_BUNDLE_IDENTIFIER = heyziin.EmotionDiary;
				PRODUCT_NAME = "$(TARGET_NAME)";
				SWIFT_EMIT_LOC_STRINGS = YES;
				SWIFT_VERSION = 5.0;
				TARGETED_DEVICE_FAMILY = "1,2";
			};
			name = Release;
		};
/* End XCBuildConfiguration section */

/* Begin XCConfigurationList section */
		1CFBE457270D2EA900529498 /* Build configuration list for PBXProject "EmotionDiary" */ = {
			isa = XCConfigurationList;
			buildConfigurations = (
				1CFBE46E270D2EAB00529498 /* Debug */,
				1CFBE46F270D2EAB00529498 /* Release */,
			);
			defaultConfigurationIsVisible = 0;
			defaultConfigurationName = Release;
		};
		1CFBE470270D2EAB00529498 /* Build configuration list for PBXNativeTarget "EmotionDiary" */ = {
			isa = XCConfigurationList;
			buildConfigurations = (
				1CFBE471270D2EAB00529498 /* Debug */,
				1CFBE472270D2EAB00529498 /* Release */,
			);
			defaultConfigurationIsVisible = 0;
			defaultConfigurationName = Release;
		};
/* End XCConfigurationList section */

/* Begin XCRemoteSwiftPackageReference section */
		1CFBE473270D300200529498 /* XCRemoteSwiftPackageReference "IQKeyboardManager" */ = {
			isa = XCRemoteSwiftPackageReference;
			repositoryURL = "https://github.com/hackiftekhar/IQKeyboardManager.git";
			requirement = {
				kind = upToNextMajorVersion;
				minimumVersion = 6.0.0;
			};
		};
		1CFBE476270D302D00529498 /* XCRemoteSwiftPackageReference "SideMenu" */ = {
			isa = XCRemoteSwiftPackageReference;
			repositoryURL = "https://github.com/jonkykong/SideMenu.git";
			requirement = {
				kind = upToNextMajorVersion;
				minimumVersion = 6.0.0;
			};
		};
		1CFBE479270D304300529498 /* XCRemoteSwiftPackageReference "FSCalendar" */ = {
			isa = XCRemoteSwiftPackageReference;
			repositoryURL = "https://github.com/WenchaoD/FSCalendar.git";
			requirement = {
				kind = upToNextMajorVersion;
				minimumVersion = 2.0.0;
			};
		};
		1CFBE47C270D306000529498 /* XCRemoteSwiftPackageReference "TextFieldEffects" */ = {
			isa = XCRemoteSwiftPackageReference;
			repositoryURL = "https://github.com/raulriera/TextFieldEffects.git";
			requirement = {
				kind = upToNextMajorVersion;
				minimumVersion = 1.0.0;
			};
		};
/* End XCRemoteSwiftPackageReference section */

/* Begin XCSwiftPackageProductDependency section */
		1CFBE474270D300200529498 /* IQKeyboardManagerSwift */ = {
			isa = XCSwiftPackageProductDependency;
			package = 1CFBE473270D300200529498 /* XCRemoteSwiftPackageReference "IQKeyboardManager" */;
			productName = IQKeyboardManagerSwift;
		};
		1CFBE477270D302D00529498 /* SideMenu */ = {
			isa = XCSwiftPackageProductDependency;
			package = 1CFBE476270D302D00529498 /* XCRemoteSwiftPackageReference "SideMenu" */;
			productName = SideMenu;
		};
		1CFBE47A270D304300529498 /* FSCalendar */ = {
			isa = XCSwiftPackageProductDependency;
			package = 1CFBE479270D304300529498 /* XCRemoteSwiftPackageReference "FSCalendar" */;
			productName = FSCalendar;
		};
		1CFBE47D270D306000529498 /* TextFieldEffects */ = {
			isa = XCSwiftPackageProductDependency;
			package = 1CFBE47C270D306000529498 /* XCRemoteSwiftPackageReference "TextFieldEffects" */;
			productName = TextFieldEffects;
		};
/* End XCSwiftPackageProductDependency section */
	};
	rootObject = 1CFBE454270D2EA900529498 /* Project object */;
}
